PODS:
  - ViewScopeServer (1.2.1)

DEPENDENCIES:
  - ViewScopeServer (from `ThirdParty/ViewScopeServer.podspec.json`)

EXTERNAL SOURCES:
  ViewScopeServer:
    :podspec: ThirdParty/ViewScopeServer.podspec.json

SPEC CHECKSUMS:
  ViewScopeServer: 007a370de0021642dd7d4b6b598c73e85a3a6cc1

PODFILE CHECKSUM: e6804e1aca6b34124e0291fd36c94429155300fc

COCOAPODS: 1.16.2
