// !$*UTF8*$!
{
	archiveVersion = 1;
	classes = {
	};
	objectVersion = 77;
	objects = {

/* Begin PBXBuildFile section */
		1A2B3C4D5E6F708192A3B4C5 /* MachOKnifeDB in Frameworks */ = {isa = PBXBuildFile; productRef = 2B3C4D5E6F708192A3B4C5D6 /* MachOKnifeDB */; };
		3C4D5E6F708192A3B4C5D6E7 /* CoreMachO in Frameworks */ = {isa = PBXBuildFile; productRef = 35400FDE63F69779F3E076E0 /* CoreMachO */; };
		516ABF7E0C3F7E581E822AE6 /* Pods_MachOKnifeTests.framework in Frameworks */ = {isa = PBXBuildFile; fileRef = 73D06976477AC397A4A221F7 /* Pods_MachOKnifeTests.framework */; };
		548B89A0768EF8F441797E9D /* CoreMachO in Frameworks */ = {isa = PBXBuildFile; productRef = 35400FDE63F69779F3E076E0 /* CoreMachO */; };
		57ED7BA11A7371B7C4C13557 /* Pods_MachOKnife.framework in Frameworks */ = {isa = PBXBuildFile; fileRef = B589044BBCAC509BEE082A01 /* Pods_MachOKnife.framework */; };
		6A0CE6CA3473B4B445467A70 /* MachOKnifeKit in Frameworks */ = {isa = PBXBuildFile; productRef = 69C12ADE5F8FFA0DF2912F6D /* MachOKnifeKit */; };
		A1B2C3D4E5F60718293A4B5C /* RetagEngine in Frameworks */ = {isa = PBXBuildFile; productRef = B1C2D3E4F5061728394A5B6C /* RetagEngine */; };
		A7D1E1023B4C5D6E7F8091A2 /* Sparkle in Frameworks */ = {isa = PBXBuildFile; productRef = A7D1E1043B4C5D6E7F8091A2 /* Sparkle */; };
		C8D7E6F5A4B3C2D1E0F10213 /* RetagEngine in Frameworks */ = {isa = PBXBuildFile; productRef = B1C2D3E4F5061728394A5B6C /* RetagEngine */; };
		CFC205DCBBE06A55E5CE900D /* MachOKnifeKit in Frameworks */ = {isa = PBXBuildFile; productRef = 69C12ADE5F8FFA0DF2912F6D /* MachOKnifeKit */; };
		D4E5F60718293A4B5C6D7E8F /* SnapKit in Frameworks */ = {isa = PBXBuildFile; productRef = D4E5F60718293A4B5C6D7E91 /* SnapKit */; };
		DA95C89D337CC350039F03BA /* Pods_MachOKnifeUITests.framework in Frameworks */ = {isa = PBXBuildFile; fileRef = CFB0CB33F38F87E06EAB9C2D /* Pods_MachOKnifeUITests.framework */; };
		E4F7A54A469BF6F1BC41D8B4 /* Cocoa.framework in Frameworks */ = {isa = PBXBuildFile; fileRef = 7D955F987017C05908960F1C /* Cocoa.framework */; };
/* End PBXBuildFile section */

/* Begin PBXContainerItemProxy section */
		9566B7D32F6DB9D2002773C3 /* PBXContainerItemProxy */ = {
			isa = PBXContainerItemProxy;
			containerPortal = 9566B7BA2F6DB9D0002773C3 /* Project object */;
			proxyType = 1;
			remoteGlobalIDString = 9566B7C12F6DB9D0002773C3;
			remoteInfo = MachOKnife;
		};
		9566B7DD2F6DB9D2002773C3 /* PBXContainerItemProxy */ = {
			isa = PBXContainerItemProxy;
			containerPortal = 9566B7BA2F6DB9D0002773C3 /* Project object */;
			proxyType = 1;
			remoteGlobalIDString = 9566B7C12F6DB9D0002773C3;
			remoteInfo = MachOKnife;
		};
		A3EA354E670B95A31702DFB6 /* PBXContainerItemProxy */ = {
			isa = PBXContainerItemProxy;
			containerPortal = 9566B7BA2F6DB9D0002773C3 /* Project object */;
			proxyType = 1;
			remoteGlobalIDString = 39397536A4B5C6F2EF47901D;
			remoteInfo = "machoe-cli";
		};
/* End PBXContainerItemProxy section */

/* Begin PBXFileReference section */
		126EB26C4663997BAAA6D1EA /* Pods-MachOKnifeUITests.release.xcconfig */ = {isa = PBXFileReference; includeInIndex = 1; lastKnownFileType = text.xcconfig; name = "Pods-MachOKnifeUITests.release.xcconfig"; path = "Target Support Files/Pods-MachOKnifeUITests/Pods-MachOKnifeUITests.release.xcconfig"; sourceTree = "<group>"; };
		4880115AAA502F179D953E28 /* Pods-MachOKnife.release.xcconfig */ = {isa = PBXFileReference; includeInIndex = 1; lastKnownFileType = text.xcconfig; name = "Pods-MachOKnife.release.xcconfig"; path = "Target Support Files/Pods-MachOKnife/Pods-MachOKnife.release.xcconfig"; sourceTree = "<group>"; };
		73D06976477AC397A4A221F7 /* Pods_MachOKnifeTests.framework */ = {isa = PBXFileReference; explicitFileType = wrapper.framework; includeInIndex = 0; path = Pods_MachOKnifeTests.framework; sourceTree = BUILT_PRODUCTS_DIR; };
		7D955F987017C05908960F1C /* Cocoa.framework */ = {isa = PBXFileReference; lastKnownFileType = wrapper.framework; name = Cocoa.framework; path = Platforms/MacOSX.platform/Developer/SDKs/MacOSX15.0.sdk/System/Library/Frameworks/Cocoa.framework; sourceTree = DEVELOPER_DIR; };
		854D1F7005C2DDB50419DA80 /* Pods-MachOKnifeUITests.debug.xcconfig */ = {isa = PBXFileReference; includeInIndex = 1; lastKnownFileType = text.xcconfig; name = "Pods-MachOKnifeUITests.debug.xcconfig"; path = "Target Support Files/Pods-MachOKnifeUITests/Pods-MachOKnifeUITests.debug.xcconfig"; sourceTree = "<group>"; };
		9566B7C22F6DB9D0002773C3 /* MachOKnife.app */ = {isa = PBXFileReference; explicitFileType = wrapper.application; includeInIndex = 0; path = MachOKnife.app; sourceTree = BUILT_PRODUCTS_DIR; };
		9566B7D22F6DB9D2002773C3 /* MachOKnifeTests.xctest */ = {isa = PBXFileReference; explicitFileType = wrapper.cfbundle; includeInIndex = 0; path = MachOKnifeTests.xctest; sourceTree = BUILT_PRODUCTS_DIR; };
		9566B7DC2F6DB9D2002773C3 /* MachOKnifeUITests.xctest */ = {isa = PBXFileReference; explicitFileType = wrapper.cfbundle; includeInIndex = 0; path = MachOKnifeUITests.xctest; sourceTree = BUILT_PRODUCTS_DIR; };
		A2391C65BDB6A51EF6A99953 /* Pods-MachOKnifeTests.release.xcconfig */ = {isa = PBXFileReference; includeInIndex = 1; lastKnownFileType = text.xcconfig; name = "Pods-MachOKnifeTests.release.xcconfig"; path = "Target Support Files/Pods-MachOKnifeTests/Pods-MachOKnifeTests.release.xcconfig"; sourceTree = "<group>"; };
		B589044BBCAC509BEE082A01 /* Pods_MachOKnife.framework */ = {isa = PBXFileReference; explicitFileType = wrapper.framework; includeInIndex = 0; path = Pods_MachOKnife.framework; sourceTree = BUILT_PRODUCTS_DIR; };
		CFB0CB33F38F87E06EAB9C2D /* Pods_MachOKnifeUITests.framework */ = {isa = PBXFileReference; explicitFileType = wrapper.framework; includeInIndex = 0; path = Pods_MachOKnifeUITests.framework; sourceTree = BUILT_PRODUCTS_DIR; };
		D3D2A7F30D8A4976950F7FAB /* Pods-MachOKnifeTests.debug.xcconfig */ = {isa = PBXFileReference; includeInIndex = 1; lastKnownFileType = text.xcconfig; name = "Pods-MachOKnifeTests.debug.xcconfig"; path = "Target Support Files/Pods-MachOKnifeTests/Pods-MachOKnifeTests.debug.xcconfig"; sourceTree = "<group>"; };
		E753591758ED1B6B96B9140E /* machoe-cli */ = {isa = PBXFileReference; includeInIndex = 0; lastKnownFileType = text; path = "machoe-cli"; sourceTree = BUILT_PRODUCTS_DIR; };
		F6D0388DF4299474289A572C /* Pods-MachOKnife.debug.xcconfig */ = {isa = PBXFileReference; includeInIndex = 1; lastKnownFileType = text.xcconfig; name = "Pods-MachOKnife.debug.xcconfig"; path = "Target Support Files/Pods-MachOKnife/Pods-MachOKnife.debug.xcconfig"; sourceTree = "<group>"; };
/* End PBXFileReference section */

/* Begin PBXFileSystemSynchronizedBuildFileExceptionSet section */
		7A9F18C42E5B4A6C8D1E3F90 /* Exceptions for "MachOKnife" folder in "MachOKnife" target */ = {
			isa = PBXFileSystemSynchronizedBuildFileExceptionSet;
			membershipExceptions = (
				Info.plist,
			);
			target = 9566B7C12F6DB9D0002773C3 /* MachOKnife */;
		};
/* End PBXFileSystemSynchronizedBuildFileExceptionSet section */

/* Begin PBXFileSystemSynchronizedRootGroup section */
		38F0A8915015B2EA631B6E66 /* MachOKnifeCLI */ = {
			isa = PBXFileSystemSynchronizedRootGroup;
			path = MachOKnifeCLI;
			sourceTree = "<group>";
		};
		6140F67013C40CF86963B41F /* MachOKnifeApp */ = {
			isa = PBXFileSystemSynchronizedRootGroup;
			path = MachOKnifeApp;
			sourceTree = "<group>";
		};
		7B65E3B83D5F3B85A99E17CA /* Resources/Localization */ = {
			isa = PBXFileSystemSynchronizedRootGroup;
			path = Resources/Localization;
			sourceTree = "<group>";
		};
		9566B7C42F6DB9D0002773C3 /* MachOKnife */ = {
			isa = PBXFileSystemSynchronizedRootGroup;
			exceptions = (
				7A9F18C42E5B4A6C8D1E3F90 /* Exceptions for "MachOKnife" folder in "MachOKnife" target */,
			);
			path = MachOKnife;
			sourceTree = "<group>";
		};
		9566B7D52F6DB9D2002773C3 /* MachOKnifeTests */ = {
			isa = PBXFileSystemSynchronizedRootGroup;
			path = MachOKnifeTests;
			sourceTree = "<group>";
		};
		9566B7DF2F6DB9D2002773C3 /* MachOKnifeUITests */ = {
			isa = PBXFileSystemSynchronizedRootGroup;
			path = MachOKnifeUITests;
			sourceTree = "<group>";
		};
/* End PBXFileSystemSynchronizedRootGroup section */

/* Begin PBXFrameworksBuildPhase section */
		843F001C02071C5CADA2D4D3 /* Frameworks */ = {
			isa = PBXFrameworksBuildPhase;
			buildActionMask = 2147483647;
			files = (
				E4F7A54A469BF6F1BC41D8B4 /* Cocoa.framework in Frameworks */,
				548B89A0768EF8F441797E9D /* CoreMachO in Frameworks */,
				CFC205DCBBE06A55E5CE900D /* MachOKnifeKit in Frameworks */,
				A1B2C3D4E5F60718293A4B5C /* RetagEngine in Frameworks */,
			);
			runOnlyForDeploymentPostprocessing = 0;
		};
		9566B7BF2F6DB9D0002773C3 /* Frameworks */ = {
			isa = PBXFrameworksBuildPhase;
			buildActionMask = 2147483647;
			files = (
				3C4D5E6F708192A3B4C5D6E7 /* CoreMachO in Frameworks */,
				1A2B3C4D5E6F708192A3B4C5 /* MachOKnifeDB in Frameworks */,
				6A0CE6CA3473B4B445467A70 /* MachOKnifeKit in Frameworks */,
				A7D1E1023B4C5D6E7F8091A2 /* Sparkle in Frameworks */,
				C8D7E6F5A4B3C2D1E0F10213 /* RetagEngine in Frameworks */,
				D4E5F60718293A4B5C6D7E8F /* SnapKit in Frameworks */,
				57ED7BA11A7371B7C4C13557 /* Pods_MachOKnife.framework in Frameworks */,
			);
			runOnlyForDeploymentPostprocessing = 0;
		};
		9566B7CF2F6DB9D2002773C3 /* Frameworks */ = {
			isa = PBXFrameworksBuildPhase;
			buildActionMask = 2147483647;
			files = (
				516ABF7E0C3F7E581E822AE6 /* Pods_MachOKnifeTests.framework in Frameworks */,
			);
			runOnlyForDeploymentPostprocessing = 0;
		};
		9566B7D92F6DB9D2002773C3 /* Frameworks */ = {
			isa = PBXFrameworksBuildPhase;
			buildActionMask = 2147483647;
			files = (
				DA95C89D337CC350039F03BA /* Pods_MachOKnifeUITests.framework in Frameworks */,
			);
			runOnlyForDeploymentPostprocessing = 0;
		};
/* End PBXFrameworksBuildPhase section */

/* Begin PBXGroup section */
		5667EE2480AE33DE674A3A4E /* OS X */ = {
			isa = PBXGroup;
			children = (
				7D955F987017C05908960F1C /* Cocoa.framework */,
			);
			name = "OS X";
			sourceTree = "<group>";
		};
		9566B7B92F6DB9D0002773C3 = {
			isa = PBXGroup;
			children = (
				9566B7C42F6DB9D0002773C3 /* MachOKnife */,
				6140F67013C40CF86963B41F /* MachOKnifeApp */,
				7B65E3B83D5F3B85A99E17CA /* Resources/Localization */,
				38F0A8915015B2EA631B6E66 /* MachOKnifeCLI */,
				9566B7D52F6DB9D2002773C3 /* MachOKnifeTests */,
				9566B7DF2F6DB9D2002773C3 /* MachOKnifeUITests */,
				9566B7C32F6DB9D0002773C3 /* Products */,
				ACB07F3F26DE312387235AED /* Frameworks */,
				A01D7C8C3D8CDC4859205002 /* Pods */,
			);
			sourceTree = "<group>";
		};
		9566B7C32F6DB9D0002773C3 /* Products */ = {
			isa = PBXGroup;
			children = (
				9566B7C22F6DB9D0002773C3 /* MachOKnife.app */,
				9566B7D22F6DB9D2002773C3 /* MachOKnifeTests.xctest */,
				9566B7DC2F6DB9D2002773C3 /* MachOKnifeUITests.xctest */,
				E753591758ED1B6B96B9140E /* machoe-cli */,
			);
			name = Products;
			sourceTree = "<group>";
		};
		A01D7C8C3D8CDC4859205002 /* Pods */ = {
			isa = PBXGroup;
			children = (
				F6D0388DF4299474289A572C /* Pods-MachOKnife.debug.xcconfig */,
				4880115AAA502F179D953E28 /* Pods-MachOKnife.release.xcconfig */,
				D3D2A7F30D8A4976950F7FAB /* Pods-MachOKnifeTests.debug.xcconfig */,
				A2391C65BDB6A51EF6A99953 /* Pods-MachOKnifeTests.release.xcconfig */,
				854D1F7005C2DDB50419DA80 /* Pods-MachOKnifeUITests.debug.xcconfig */,
				126EB26C4663997BAAA6D1EA /* Pods-MachOKnifeUITests.release.xcconfig */,
			);
			path = Pods;
			sourceTree = "<group>";
		};
		ACB07F3F26DE312387235AED /* Frameworks */ = {
			isa = PBXGroup;
			children = (
				5667EE2480AE33DE674A3A4E /* OS X */,
				B589044BBCAC509BEE082A01 /* Pods_MachOKnife.framework */,
				73D06976477AC397A4A221F7 /* Pods_MachOKnifeTests.framework */,
				CFB0CB33F38F87E06EAB9C2D /* Pods_MachOKnifeUITests.framework */,
			);
			name = Frameworks;
			sourceTree = "<group>";
		};
/* End PBXGroup section */

/* Begin PBXNativeTarget section */
		39397536A4B5C6F2EF47901D /* machoe-cli */ = {
			isa = PBXNativeTarget;
			buildConfigurationList = 3D659514C1157A15B28DC4C7 /* Build configuration list for PBXNativeTarget "machoe-cli" */;
			buildPhases = (
				B5E950F95E4ABE1ECCF639CF /* Sources */,
				843F001C02071C5CADA2D4D3 /* Frameworks */,
			);
			buildRules = (
			);
			dependencies = (
			);
			fileSystemSynchronizedGroups = (
				38F0A8915015B2EA631B6E66 /* MachOKnifeCLI */,
			);
			name = "machoe-cli";
			packageProductDependencies = (
				35400FDE63F69779F3E076E0 /* CoreMachO */,
				69C12ADE5F8FFA0DF2912F6D /* MachOKnifeKit */,
				B1C2D3E4F5061728394A5B6C /* RetagEngine */,
			);
			productName = "machoe-cli";
			productReference = E753591758ED1B6B96B9140E /* machoe-cli */;
			productType = "com.apple.product-type.tool";
		};
		9566B7C12F6DB9D0002773C3 /* MachOKnife */ = {
			isa = PBXNativeTarget;
			buildConfigurationList = 9566B7E62F6DB9D2002773C3 /* Build configuration list for PBXNativeTarget "MachOKnife" */;
			buildPhases = (
				DB862D885427B9AF1C74A82B /* [CP] Check Pods Manifest.lock */,
				9566B7BE2F6DB9D0002773C3 /* Sources */,
				9566B7BF2F6DB9D0002773C3 /* Frameworks */,
				9566B7C02F6DB9D0002773C3 /* Resources */,
				B84A4D0D1FCE4A91876A0B11 /* Embed machoe-cli */,
			);
			buildRules = (
			);
			dependencies = (
				C13EAC8D06A7414C9E2BB443 /* PBXTargetDependency */,
			);
			fileSystemSynchronizedGroups = (
				6140F67013C40CF86963B41F /* MachOKnifeApp */,
				7B65E3B83D5F3B85A99E17CA /* Resources/Localization */,
				9566B7C42F6DB9D0002773C3 /* MachOKnife */,
			);
			name = MachOKnife;
			packageProductDependencies = (
				35400FDE63F69779F3E076E0 /* CoreMachO */,
				2B3C4D5E6F708192A3B4C5D6 /* MachOKnifeDB */,
				69C12ADE5F8FFA0DF2912F6D /* MachOKnifeKit */,
				A7D1E1043B4C5D6E7F8091A2 /* Sparkle */,
				B1C2D3E4F5061728394A5B6C /* RetagEngine */,
				D4E5F60718293A4B5C6D7E91 /* SnapKit */,
			);
			productName = MachOKnife;
			productReference = 9566B7C22F6DB9D0002773C3 /* MachOKnife.app */;
			productType = "com.apple.product-type.application";
		};
		9566B7D12F6DB9D2002773C3 /* MachOKnifeTests */ = {
			isa = PBXNativeTarget;
			buildConfigurationList = 9566B7E92F6DB9D2002773C3 /* Build configuration list for PBXNativeTarget "MachOKnifeTests" */;
			buildPhases = (
				2C889136CCA782CD0584549A /* [CP] Check Pods Manifest.lock */,
				9566B7CE2F6DB9D2002773C3 /* Sources */,
				9566B7CF2F6DB9D2002773C3 /* Frameworks */,
				9566B7D02F6DB9D2002773C3 /* Resources */,
			);
			buildRules = (
			);
			dependencies = (
				9566B7D42F6DB9D2002773C3 /* PBXTargetDependency */,
				A3100FF8419DB8BD1F8D01B2 /* PBXTargetDependency */,
			);
			fileSystemSynchronizedGroups = (
				9566B7D52F6DB9D2002773C3 /* MachOKnifeTests */,
			);
			name = MachOKnifeTests;
			productName = MachOKnifeTests;
			productReference = 9566B7D22F6DB9D2002773C3 /* MachOKnifeTests.xctest */;
			productType = "com.apple.product-type.bundle.unit-test";
		};
		9566B7DB2F6DB9D2002773C3 /* MachOKnifeUITests */ = {
			isa = PBXNativeTarget;
			buildConfigurationList = 9566B7EC2F6DB9D2002773C3 /* Build configuration list for PBXNativeTarget "MachOKnifeUITests" */;
			buildPhases = (
				19A3A0E3EB6CFBD9188DF482 /* [CP] Check Pods Manifest.lock */,
				9566B7D82F6DB9D2002773C3 /* Sources */,
				9566B7D92F6DB9D2002773C3 /* Frameworks */,
				9566B7DA2F6DB9D2002773C3 /* Resources */,
			);
			buildRules = (
			);
			dependencies = (
				9566B7DE2F6DB9D2002773C3 /* PBXTargetDependency */,
			);
			fileSystemSynchronizedGroups = (
				9566B7DF2F6DB9D2002773C3 /* MachOKnifeUITests */,
			);
			name = MachOKnifeUITests;
			productName = MachOKnifeUITests;
			productReference = 9566B7DC2F6DB9D2002773C3 /* MachOKnifeUITests.xctest */;
			productType = "com.apple.product-type.bundle.ui-testing";
		};
/* End PBXNativeTarget section */

/* Begin PBXProject section */
		9566B7BA2F6DB9D0002773C3 /* Project object */ = {
			isa = PBXProject;
			attributes = {
				BuildIndependentTargetsInParallel = 1;
				LastSwiftUpdateCheck = 2630;
				LastUpgradeCheck = 2630;
				TargetAttributes = {
					9566B7C12F6DB9D0002773C3 = {
						CreatedOnToolsVersion = 26.3;
					};
					9566B7D12F6DB9D2002773C3 = {
						CreatedOnToolsVersion = 26.3;
						TestTargetID = 9566B7C12F6DB9D0002773C3;
					};
					9566B7DB2F6DB9D2002773C3 = {
						CreatedOnToolsVersion = 26.3;
						TestTargetID = 9566B7C12F6DB9D0002773C3;
					};
				};
			};
			buildConfigurationList = 9566B7BD2F6DB9D0002773C3 /* Build configuration list for PBXProject "MachOKnife" */;
			developmentRegion = en;
			hasScannedForEncodings = 0;
			knownRegions = (
				en,
				Base,
				"zh-Hans",
				"zh-Hant",
			);
			mainGroup = 9566B7B92F6DB9D0002773C3;
			minimizedProjectReferenceProxies = 1;
			packageReferences = (
				9E1E01AD71B45407E954E666 /* XCLocalSwiftPackageReference "Packages/CoreMachO" */,
				0F1E2D3C4B5A69788796A5B4 /* XCLocalSwiftPackageReference "Packages/MachOKnifeDB" */,
				F4916D216A356443416E2C2E /* XCLocalSwiftPackageReference "Packages/MachOKnifeKit" */,
				D1E2F3A4B5C60718293A4B5C /* XCLocalSwiftPackageReference "Packages/RetagEngine" */,
				A7D1E1033B4C5D6E7F8091A2 /* XCRemoteSwiftPackageReference "Sparkle" */,
				D4E5F60718293A4B5C6D7E90 /* XCRemoteSwiftPackageReference "SnapKit" */,
			);
			preferredProjectObjectVersion = 77;
			productRefGroup = 9566B7C32F6DB9D0002773C3 /* Products */;
			projectDirPath = "";
			projectRoot = "";
			targets = (
				9566B7C12F6DB9D0002773C3 /* MachOKnife */,
				9566B7D12F6DB9D2002773C3 /* MachOKnifeTests */,
				9566B7DB2F6DB9D2002773C3 /* MachOKnifeUITests */,
				39397536A4B5C6F2EF47901D /* machoe-cli */,
			);
		};
/* End PBXProject section */

/* Begin PBXResourcesBuildPhase section */
		9566B7C02F6DB9D0002773C3 /* Resources */ = {
			isa = PBXResourcesBuildPhase;
			buildActionMask = 2147483647;
			files = (
			);
			runOnlyForDeploymentPostprocessing = 0;
		};
		9566B7D02F6DB9D2002773C3 /* Resources */ = {
			isa = PBXResourcesBuildPhase;
			buildActionMask = 2147483647;
			files = (
			);
			runOnlyForDeploymentPostprocessing = 0;
		};
		9566B7DA2F6DB9D2002773C3 /* Resources */ = {
			isa = PBXResourcesBuildPhase;
			buildActionMask = 2147483647;
			files = (
			);
			runOnlyForDeploymentPostprocessing = 0;
		};
/* End PBXResourcesBuildPhase section */

/* Begin PBXShellScriptBuildPhase section */
		19A3A0E3EB6CFBD9188DF482 /* [CP] Check Pods Manifest.lock */ = {
			isa = PBXShellScriptBuildPhase;
			buildActionMask = 2147483647;
			files = (
			);
			inputFileListPaths = (
			);
			inputPaths = (
				"${PODS_PODFILE_DIR_PATH}/Podfile.lock",
				"${PODS_ROOT}/Manifest.lock",
			);
			name = "[CP] Check Pods Manifest.lock";
			outputFileListPaths = (
			);
			outputPaths = (
				"$(DERIVED_FILE_DIR)/Pods-MachOKnifeUITests-checkManifestLockResult.txt",
			);
			runOnlyForDeploymentPostprocessing = 0;
			shellPath = /bin/sh;
			shellScript = "diff \"${PODS_PODFILE_DIR_PATH}/Podfile.lock\" \"${PODS_ROOT}/Manifest.lock\" > /dev/null\nif [ $? != 0 ] ; then\n    # print error to STDERR\n    echo \"error: The sandbox is not in sync with the Podfile.lock. Run 'pod install' or update your CocoaPods installation.\" >&2\n    exit 1\nfi\n# This output is used by Xcode 'outputs' to avoid re-running this script phase.\necho \"SUCCESS\" > \"${SCRIPT_OUTPUT_FILE_0}\"\n";
			showEnvVarsInLog = 0;
		};
		2C889136CCA782CD0584549A /* [CP] Check Pods Manifest.lock */ = {
			isa = PBXShellScriptBuildPhase;
			buildActionMask = 2147483647;
			files = (
			);
			inputFileListPaths = (
			);
			inputPaths = (
				"${PODS_PODFILE_DIR_PATH}/Podfile.lock",
				"${PODS_ROOT}/Manifest.lock",
			);
			name = "[CP] Check Pods Manifest.lock";
			outputFileListPaths = (
			);
			outputPaths = (
				"$(DERIVED_FILE_DIR)/Pods-MachOKnifeTests-checkManifestLockResult.txt",
			);
			runOnlyForDeploymentPostprocessing = 0;
			shellPath = /bin/sh;
			shellScript = "diff \"${PODS_PODFILE_DIR_PATH}/Podfile.lock\" \"${PODS_ROOT}/Manifest.lock\" > /dev/null\nif [ $? != 0 ] ; then\n    # print error to STDERR\n    echo \"error: The sandbox is not in sync with the Podfile.lock. Run 'pod install' or update your CocoaPods installation.\" >&2\n    exit 1\nfi\n# This output is used by Xcode 'outputs' to avoid re-running this script phase.\necho \"SUCCESS\" > \"${SCRIPT_OUTPUT_FILE_0}\"\n";
			showEnvVarsInLog = 0;
		};
		B84A4D0D1FCE4A91876A0B11 /* Embed machoe-cli */ = {
			isa = PBXShellScriptBuildPhase;
			buildActionMask = 2147483647;
			files = (
			);
			inputFileListPaths = (
			);
			inputPaths = (
				"$(BUILT_PRODUCTS_DIR)/machoe-cli",
			);
			name = "Embed machoe-cli";
			outputFileListPaths = (
			);
			outputPaths = (
				"$(TARGET_BUILD_DIR)/$(UNLOCALIZED_RESOURCES_FOLDER_PATH)/CLI/machoe-cli",
			);
			runOnlyForDeploymentPostprocessing = 0;
			shellPath = /bin/sh;
			shellScript = "set -euo pipefail\nCLI_SOURCE=\"${BUILT_PRODUCTS_DIR}/machoe-cli\"\nCLI_DEST_DIR=\"${TARGET_BUILD_DIR}/${UNLOCALIZED_RESOURCES_FOLDER_PATH}/CLI\"\nCLI_DEST=\"${CLI_DEST_DIR}/machoe-cli\"\n\nif [ ! -f \"$CLI_SOURCE\" ]; then\n  echo \"error: machoe-cli not found at $CLI_SOURCE\" >&2\n  exit 1\nfi\n\nmkdir -p \"$CLI_DEST_DIR\"\ncp \"$CLI_SOURCE\" \"$CLI_DEST\"\nchmod 755 \"$CLI_DEST\"\n";
		};
		DB862D885427B9AF1C74A82B /* [CP] Check Pods Manifest.lock */ = {
			isa = PBXShellScriptBuildPhase;
			buildActionMask = 2147483647;
			files = (
			);
			inputFileListPaths = (
			);
			inputPaths = (
				"${PODS_PODFILE_DIR_PATH}/Podfile.lock",
				"${PODS_ROOT}/Manifest.lock",
			);
			name = "[CP] Check Pods Manifest.lock";
			outputFileListPaths = (
			);
			outputPaths = (
				"$(DERIVED_FILE_DIR)/Pods-MachOKnife-checkManifestLockResult.txt",
			);
			runOnlyForDeploymentPostprocessing = 0;
			shellPath = /bin/sh;
			shellScript = "diff \"${PODS_PODFILE_DIR_PATH}/Podfile.lock\" \"${PODS_ROOT}/Manifest.lock\" > /dev/null\nif [ $? != 0 ] ; then\n    # print error to STDERR\n    echo \"error: The sandbox is not in sync with the Podfile.lock. Run 'pod install' or update your CocoaPods installation.\" >&2\n    exit 1\nfi\n# This output is used by Xcode 'outputs' to avoid re-running this script phase.\necho \"SUCCESS\" > \"${SCRIPT_OUTPUT_FILE_0}\"\n";
			showEnvVarsInLog = 0;
		};
/* End PBXShellScriptBuildPhase section */

/* Begin PBXSourcesBuildPhase section */
		9566B7BE2F6DB9D0002773C3 /* Sources */ = {
			isa = PBXSourcesBuildPhase;
			buildActionMask = 2147483647;
			files = (
			);
			runOnlyForDeploymentPostprocessing = 0;
		};
		9566B7CE2F6DB9D2002773C3 /* Sources */ = {
			isa = PBXSourcesBuildPhase;
			buildActionMask = 2147483647;
			files = (
			);
			runOnlyForDeploymentPostprocessing = 0;
		};
		9566B7D82F6DB9D2002773C3 /* Sources */ = {
			isa = PBXSourcesBuildPhase;
			buildActionMask = 2147483647;
			files = (
			);
			runOnlyForDeploymentPostprocessing = 0;
		};
		B5E950F95E4ABE1ECCF639CF /* Sources */ = {
			isa = PBXSourcesBuildPhase;
			buildActionMask = 2147483647;
			files = (
			);
			runOnlyForDeploymentPostprocessing = 0;
		};
/* End PBXSourcesBuildPhase section */

/* Begin PBXTargetDependency section */
		9566B7D42F6DB9D2002773C3 /* PBXTargetDependency */ = {
			isa = PBXTargetDependency;
			target = 9566B7C12F6DB9D0002773C3 /* MachOKnife */;
			targetProxy = 9566B7D32F6DB9D2002773C3 /* PBXContainerItemProxy */;
		};
		9566B7DE2F6DB9D2002773C3 /* PBXTargetDependency */ = {
			isa = PBXTargetDependency;
			target = 9566B7C12F6DB9D0002773C3 /* MachOKnife */;
			targetProxy = 9566B7DD2F6DB9D2002773C3 /* PBXContainerItemProxy */;
		};
		A3100FF8419DB8BD1F8D01B2 /* PBXTargetDependency */ = {
			isa = PBXTargetDependency;
			name = "machoe-cli";
			target = 39397536A4B5C6F2EF47901D /* machoe-cli */;
			targetProxy = A3EA354E670B95A31702DFB6 /* PBXContainerItemProxy */;
		};
		C13EAC8D06A7414C9E2BB443 /* PBXTargetDependency */ = {
			isa = PBXTargetDependency;
			name = "machoe-cli";
			target = 39397536A4B5C6F2EF47901D /* machoe-cli */;
			targetProxy = A3EA354E670B95A31702DFB6 /* PBXContainerItemProxy */;
		};
/* End PBXTargetDependency section */

/* Begin XCBuildConfiguration section */
		184B5DC2B99A06637625300D /* Release */ = {
			isa = XCBuildConfiguration;
			buildSettings = {
				CODE_SIGNING_ALLOWED = NO;
				CODE_SIGNING_REQUIRED = NO;
				GENERATE_INFOPLIST_FILE = YES;
				MACOSX_DEPLOYMENT_TARGET = 13.0;
				PRODUCT_BUNDLE_IDENTIFIER = "cn.vanjay.machoe-cli";
				PRODUCT_MODULE_NAME = machoe_cli;
				PRODUCT_NAME = "machoe-cli";
				SDKROOT = macosx;
				SWIFT_MODULE_NAME = machoe_cli;
				SWIFT_VERSION = 5.0;
			};
			name = Release;
		};
		39415C120D1D44E98311B042 /* Debug */ = {
			isa = XCBuildConfiguration;
			buildSettings = {
				CODE_SIGNING_ALLOWED = NO;
				CODE_SIGNING_REQUIRED = NO;
				GENERATE_INFOPLIST_FILE = YES;
				MACOSX_DEPLOYMENT_TARGET = 13.0;
				PRODUCT_BUNDLE_IDENTIFIER = "cn.vanjay.machoe-cli";
				PRODUCT_MODULE_NAME = machoe_cli;
				PRODUCT_NAME = "machoe-cli";
				SDKROOT = macosx;
				SWIFT_MODULE_NAME = machoe_cli;
				SWIFT_VERSION = 5.0;
			};
			name = Debug;
		};
		9566B7E42F6DB9D2002773C3 /* Debug */ = {
			isa = XCBuildConfiguration;
			buildSettings = {
				ALWAYS_SEARCH_USER_PATHS = NO;
				ASSETCATALOG_COMPILER_GENERATE_SWIFT_ASSET_SYMBOL_EXTENSIONS = YES;
				CLANG_ANALYZER_NONNULL = YES;
				CLANG_ANALYZER_NUMBER_OBJECT_CONVERSION = YES_AGGRESSIVE;
				CLANG_CXX_LANGUAGE_STANDARD = "gnu++20";
				CLANG_ENABLE_MODULES = YES;
				CLANG_ENABLE_OBJC_ARC = YES;
				CLANG_ENABLE_OBJC_WEAK = YES;
				CLANG_WARN_BLOCK_CAPTURE_AUTORELEASING = YES;
				CLANG_WARN_BOOL_CONVERSION = YES;
				CLANG_WARN_COMMA = YES;
				CLANG_WARN_CONSTANT_CONVERSION = YES;
				CLANG_WARN_DEPRECATED_OBJC_IMPLEMENTATIONS = YES;
				CLANG_WARN_DIRECT_OBJC_ISA_USAGE = YES_ERROR;
				CLANG_WARN_DOCUMENTATION_COMMENTS = YES;
				CLANG_WARN_EMPTY_BODY = YES;
				CLANG_WARN_ENUM_CONVERSION = YES;
				CLANG_WARN_INFINITE_RECURSION = YES;
				CLANG_WARN_INT_CONVERSION = YES;
				CLANG_WARN_NON_LITERAL_NULL_CONVERSION = YES;
				CLANG_WARN_OBJC_IMPLICIT_RETAIN_SELF = YES;
				CLANG_WARN_OBJC_LITERAL_CONVERSION = YES;
				CLANG_WARN_OBJC_ROOT_CLASS = YES_ERROR;
				CLANG_WARN_QUOTED_INCLUDE_IN_FRAMEWORK_HEADER = YES;
				CLANG_WARN_RANGE_LOOP_ANALYSIS = YES;
				CLANG_WARN_STRICT_PROTOTYPES = YES;
				CLANG_WARN_SUSPICIOUS_MOVE = YES;
				CLANG_WARN_UNGUARDED_AVAILABILITY = YES_AGGRESSIVE;
				CLANG_WARN_UNREACHABLE_CODE = YES;
				CLANG_WARN__DUPLICATE_METHOD_MATCH = YES;
				COPY_PHASE_STRIP = NO;
				DEBUG_INFORMATION_FORMAT = dwarf;
				DEVELOPMENT_TEAM = X6B6C6U6QV;
				ENABLE_STRICT_OBJC_MSGSEND = YES;
				ENABLE_TESTABILITY = YES;
				ENABLE_USER_SCRIPT_SANDBOXING = YES;
				GCC_C_LANGUAGE_STANDARD = gnu17;
				GCC_DYNAMIC_NO_PIC = NO;
				GCC_NO_COMMON_BLOCKS = YES;
				GCC_OPTIMIZATION_LEVEL = 0;
				GCC_PREPROCESSOR_DEFINITIONS = (
					"DEBUG=1",
					"$(inherited)",
				);
				GCC_WARN_64_TO_32_BIT_CONVERSION = YES;
				GCC_WARN_ABOUT_RETURN_TYPE = YES_ERROR;
				GCC_WARN_UNDECLARED_SELECTOR = YES;
				GCC_WARN_UNINITIALIZED_AUTOS = YES_AGGRESSIVE;
				GCC_WARN_UNUSED_FUNCTION = YES;
				GCC_WARN_UNUSED_VARIABLE = YES;
				LOCALIZATION_PREFERS_STRING_CATALOGS = YES;
				MACOSX_DEPLOYMENT_TARGET = 26.2;
				MTL_ENABLE_DEBUG_INFO = INCLUDE_SOURCE;
				MTL_FAST_MATH = YES;
				ONLY_ACTIVE_ARCH = YES;
				SDKROOT = macosx;
				SWIFT_ACTIVE_COMPILATION_CONDITIONS = "DEBUG $(inherited)";
				SWIFT_OPTIMIZATION_LEVEL = "-Onone";
				SWIFT_VERSION = 5.0;
			};
			name = Debug;
		};
		9566B7E52F6DB9D2002773C3 /* Release */ = {
			isa = XCBuildConfiguration;
			buildSettings = {
				ALWAYS_SEARCH_USER_PATHS = NO;
				ASSETCATALOG_COMPILER_GENERATE_SWIFT_ASSET_SYMBOL_EXTENSIONS = YES;
				CLANG_ANALYZER_NONNULL = YES;
				CLANG_ANALYZER_NUMBER_OBJECT_CONVERSION = YES_AGGRESSIVE;
				CLANG_CXX_LANGUAGE_STANDARD = "gnu++20";
				CLANG_ENABLE_MODULES = YES;
				CLANG_ENABLE_OBJC_ARC = YES;
				CLANG_ENABLE_OBJC_WEAK = YES;
				CLANG_WARN_BLOCK_CAPTURE_AUTORELEASING = YES;
				CLANG_WARN_BOOL_CONVERSION = YES;
				CLANG_WARN_COMMA = YES;
				CLANG_WARN_CONSTANT_CONVERSION = YES;
				CLANG_WARN_DEPRECATED_OBJC_IMPLEMENTATIONS = YES;
				CLANG_WARN_DIRECT_OBJC_ISA_USAGE = YES_ERROR;
				CLANG_WARN_DOCUMENTATION_COMMENTS = YES;
				CLANG_WARN_EMPTY_BODY = YES;
				CLANG_WARN_ENUM_CONVERSION = YES;
				CLANG_WARN_INFINITE_RECURSION = YES;
				CLANG_WARN_INT_CONVERSION = YES;
				CLANG_WARN_NON_LITERAL_NULL_CONVERSION = YES;
				CLANG_WARN_OBJC_IMPLICIT_RETAIN_SELF = YES;
				CLANG_WARN_OBJC_LITERAL_CONVERSION = YES;
				CLANG_WARN_OBJC_ROOT_CLASS = YES_ERROR;
				CLANG_WARN_QUOTED_INCLUDE_IN_FRAMEWORK_HEADER = YES;
				CLANG_WARN_RANGE_LOOP_ANALYSIS = YES;
				CLANG_WARN_STRICT_PROTOTYPES = YES;
				CLANG_WARN_SUSPICIOUS_MOVE = YES;
				CLANG_WARN_UNGUARDED_AVAILABILITY = YES_AGGRESSIVE;
				CLANG_WARN_UNREACHABLE_CODE = YES;
				CLANG_WARN__DUPLICATE_METHOD_MATCH = YES;
				COPY_PHASE_STRIP = NO;
				DEBUG_INFORMATION_FORMAT = "dwarf-with-dsym";
				DEVELOPMENT_TEAM = X6B6C6U6QV;
				ENABLE_NS_ASSERTIONS = NO;
				ENABLE_STRICT_OBJC_MSGSEND = YES;
				ENABLE_USER_SCRIPT_SANDBOXING = YES;
				GCC_C_LANGUAGE_STANDARD = gnu17;
				GCC_NO_COMMON_BLOCKS = YES;
				GCC_WARN_64_TO_32_BIT_CONVERSION = YES;
				GCC_WARN_ABOUT_RETURN_TYPE = YES_ERROR;
				GCC_WARN_UNDECLARED_SELECTOR = YES;
				GCC_WARN_UNINITIALIZED_AUTOS = YES_AGGRESSIVE;
				GCC_WARN_UNUSED_FUNCTION = YES;
				GCC_WARN_UNUSED_VARIABLE = YES;
				LOCALIZATION_PREFERS_STRING_CATALOGS = YES;
				MACOSX_DEPLOYMENT_TARGET = 26.2;
				MTL_ENABLE_DEBUG_INFO = NO;
				MTL_FAST_MATH = YES;
				SDKROOT = macosx;
				SWIFT_COMPILATION_MODE = wholemodule;
				SWIFT_VERSION = 5.0;
			};
			name = Release;
		};
		9566B7E72F6DB9D2002773C3 /* Debug */ = {
			isa = XCBuildConfiguration;
			baseConfigurationReference = F6D0388DF4299474289A572C /* Pods-MachOKnife.debug.xcconfig */;
			buildSettings = {
				ASSETCATALOG_COMPILER_APPICON_NAME = AppIcon;
				ASSETCATALOG_COMPILER_GLOBAL_ACCENT_COLOR_NAME = AccentColor;
				ASSETCATALOG_COMPILER_INCLUDE_ALL_APPICON_ASSETS = NO;
				CODE_SIGN_ENTITLEMENTS = "MachOKnife-Debug.entitlements";
				CODE_SIGN_STYLE = Automatic;
				COMBINE_HIDPI_IMAGES = YES;
				CURRENT_PROJECT_VERSION = 3;
				DEVELOPMENT_TEAM = X6B6C6U6QV;
				ENABLE_APP_SANDBOX = NO;
				ENABLE_HARDENED_RUNTIME = YES;
				ENABLE_USER_SELECTED_FILES = readwrite;
				GENERATE_INFOPLIST_FILE = NO;
				INFOPLIST_FILE = MachOKnife/Info.plist;
				LD_RUNPATH_SEARCH_PATHS = (
					"$(inherited)",
					"@executable_path/../Frameworks",
				);
				MACOSX_DEPLOYMENT_TARGET = 13.0;
				MARKETING_VERSION = 1.2.0;
				PRODUCT_BUNDLE_IDENTIFIER = cn.vanjay.MachOKnife;
				PRODUCT_NAME = "$(TARGET_NAME)";
				REGISTER_APP_GROUPS = YES;
				STRING_CATALOG_GENERATE_SYMBOLS = YES;
				SWIFT_APPROACHABLE_CONCURRENCY = YES;
				SWIFT_DEFAULT_ACTOR_ISOLATION = MainActor;
				SWIFT_EMIT_LOC_STRINGS = YES;
				SWIFT_UPCOMING_FEATURE_MEMBER_IMPORT_VISIBILITY = YES;
				SWIFT_VERSION = 5.0;
			};
			name = Debug;
		};
		9566B7E82F6DB9D2002773C3 /* Release */ = {
			isa = XCBuildConfiguration;
			baseConfigurationReference = 4880115AAA502F179D953E28 /* Pods-MachOKnife.release.xcconfig */;
			buildSettings = {
				ASSETCATALOG_COMPILER_APPICON_NAME = AppIcon;
				ASSETCATALOG_COMPILER_GLOBAL_ACCENT_COLOR_NAME = AccentColor;
				ASSETCATALOG_COMPILER_INCLUDE_ALL_APPICON_ASSETS = NO;
				CODE_SIGN_ENTITLEMENTS = MachOKnife.entitlements;
				CODE_SIGN_STYLE = Automatic;
				COMBINE_HIDPI_IMAGES = YES;
				CURRENT_PROJECT_VERSION = 3;
				DEVELOPMENT_TEAM = X6B6C6U6QV;
				ENABLE_APP_SANDBOX = YES;
				ENABLE_HARDENED_RUNTIME = YES;
				ENABLE_USER_SELECTED_FILES = readwrite;
				GENERATE_INFOPLIST_FILE = NO;
				INFOPLIST_FILE = MachOKnife/Info.plist;
				LD_RUNPATH_SEARCH_PATHS = (
					"$(inherited)",
					"@executable_path/../Frameworks",
				);
				MACOSX_DEPLOYMENT_TARGET = 13.0;
				MARKETING_VERSION = 1.2.0;
				PRODUCT_BUNDLE_IDENTIFIER = cn.vanjay.MachOKnife;
				PRODUCT_NAME = "$(TARGET_NAME)";
				REGISTER_APP_GROUPS = YES;
				STRING_CATALOG_GENERATE_SYMBOLS = YES;
				SWIFT_APPROACHABLE_CONCURRENCY = YES;
				SWIFT_DEFAULT_ACTOR_ISOLATION = MainActor;
				SWIFT_EMIT_LOC_STRINGS = YES;
				SWIFT_UPCOMING_FEATURE_MEMBER_IMPORT_VISIBILITY = YES;
				SWIFT_VERSION = 5.0;
			};
			name = Release;
		};
		9566B7EA2F6DB9D2002773C3 /* Debug */ = {
			isa = XCBuildConfiguration;
			baseConfigurationReference = D3D2A7F30D8A4976950F7FAB /* Pods-MachOKnifeTests.debug.xcconfig */;
			buildSettings = {
				BUNDLE_LOADER = "$(TEST_HOST)";
				CODE_SIGN_STYLE = Automatic;
				CURRENT_PROJECT_VERSION = 3;
				DEVELOPMENT_TEAM = X6B6C6U6QV;
				GENERATE_INFOPLIST_FILE = YES;
				MACOSX_DEPLOYMENT_TARGET = 26.2;
				MARKETING_VERSION = 1.2.0;
				PRODUCT_BUNDLE_IDENTIFIER = cn.vanjay.MachOKnifeTests;
				PRODUCT_NAME = "$(TARGET_NAME)";
				STRING_CATALOG_GENERATE_SYMBOLS = NO;
				SWIFT_APPROACHABLE_CONCURRENCY = YES;
				SWIFT_EMIT_LOC_STRINGS = NO;
				SWIFT_UPCOMING_FEATURE_MEMBER_IMPORT_VISIBILITY = YES;
				SWIFT_VERSION = 5.0;
				TEST_HOST = "$(BUILT_PRODUCTS_DIR)/MachOKnife.app/$(BUNDLE_EXECUTABLE_FOLDER_PATH)/MachOKnife";
			};
			name = Debug;
		};
		9566B7EB2F6DB9D2002773C3 /* Release */ = {
			isa = XCBuildConfiguration;
			baseConfigurationReference = A2391C65BDB6A51EF6A99953 /* Pods-MachOKnifeTests.release.xcconfig */;
			buildSettings = {
				BUNDLE_LOADER = "$(TEST_HOST)";
				CODE_SIGN_STYLE = Automatic;
				CURRENT_PROJECT_VERSION = 3;
				DEVELOPMENT_TEAM = X6B6C6U6QV;
				GENERATE_INFOPLIST_FILE = YES;
				MACOSX_DEPLOYMENT_TARGET = 26.2;
				MARKETING_VERSION = 1.2.0;
				PRODUCT_BUNDLE_IDENTIFIER = cn.vanjay.MachOKnifeTests;
				PRODUCT_NAME = "$(TARGET_NAME)";
				STRING_CATALOG_GENERATE_SYMBOLS = NO;
				SWIFT_APPROACHABLE_CONCURRENCY = YES;
				SWIFT_EMIT_LOC_STRINGS = NO;
				SWIFT_UPCOMING_FEATURE_MEMBER_IMPORT_VISIBILITY = YES;
				SWIFT_VERSION = 5.0;
				TEST_HOST = "$(BUILT_PRODUCTS_DIR)/MachOKnife.app/$(BUNDLE_EXECUTABLE_FOLDER_PATH)/MachOKnife";
			};
			name = Release;
		};
		9566B7ED2F6DB9D2002773C3 /* Debug */ = {
			isa = XCBuildConfiguration;
			baseConfigurationReference = 854D1F7005C2DDB50419DA80 /* Pods-MachOKnifeUITests.debug.xcconfig */;
			buildSettings = {
				CODE_SIGN_STYLE = Automatic;
				CURRENT_PROJECT_VERSION = 3;
				DEVELOPMENT_TEAM = X6B6C6U6QV;
				GENERATE_INFOPLIST_FILE = YES;
				MARKETING_VERSION = 1.2.0;
				PRODUCT_BUNDLE_IDENTIFIER = cn.vanjay.MachOKnifeUITests;
				PRODUCT_NAME = "$(TARGET_NAME)";
				STRING_CATALOG_GENERATE_SYMBOLS = NO;
				SWIFT_APPROACHABLE_CONCURRENCY = YES;
				SWIFT_EMIT_LOC_STRINGS = NO;
				SWIFT_UPCOMING_FEATURE_MEMBER_IMPORT_VISIBILITY = YES;
				SWIFT_VERSION = 5.0;
				TEST_TARGET_NAME = MachOKnife;
			};
			name = Debug;
		};
		9566B7EE2F6DB9D2002773C3 /* Release */ = {
			isa = XCBuildConfiguration;
			baseConfigurationReference = 126EB26C4663997BAAA6D1EA /* Pods-MachOKnifeUITests.release.xcconfig */;
			buildSettings = {
				CODE_SIGN_STYLE = Automatic;
				CURRENT_PROJECT_VERSION = 3;
				DEVELOPMENT_TEAM = X6B6C6U6QV;
				GENERATE_INFOPLIST_FILE = YES;
				MARKETING_VERSION = 1.2.0;
				PRODUCT_BUNDLE_IDENTIFIER = cn.vanjay.MachOKnifeUITests;
				PRODUCT_NAME = "$(TARGET_NAME)";
				STRING_CATALOG_GENERATE_SYMBOLS = NO;
				SWIFT_APPROACHABLE_CONCURRENCY = YES;
				SWIFT_EMIT_LOC_STRINGS = NO;
				SWIFT_UPCOMING_FEATURE_MEMBER_IMPORT_VISIBILITY = YES;
				SWIFT_VERSION = 5.0;
				TEST_TARGET_NAME = MachOKnife;
			};
			name = Release;
		};
/* End XCBuildConfiguration section */

/* Begin XCConfigurationList section */
		3D659514C1157A15B28DC4C7 /* Build configuration list for PBXNativeTarget "machoe-cli" */ = {
			isa = XCConfigurationList;
			buildConfigurations = (
				184B5DC2B99A06637625300D /* Release */,
				39415C120D1D44E98311B042 /* Debug */,
			);
			defaultConfigurationIsVisible = 0;
			defaultConfigurationName = Release;
		};
		9566B7BD2F6DB9D0002773C3 /* Build configuration list for PBXProject "MachOKnife" */ = {
			isa = XCConfigurationList;
			buildConfigurations = (
				9566B7E42F6DB9D2002773C3 /* Debug */,
				9566B7E52F6DB9D2002773C3 /* Release */,
			);
			defaultConfigurationIsVisible = 0;
			defaultConfigurationName = Release;
		};
		9566B7E62F6DB9D2002773C3 /* Build configuration list for PBXNativeTarget "MachOKnife" */ = {
			isa = XCConfigurationList;
			buildConfigurations = (
				9566B7E72F6DB9D2002773C3 /* Debug */,
				9566B7E82F6DB9D2002773C3 /* Release */,
			);
			defaultConfigurationIsVisible = 0;
			defaultConfigurationName = Release;
		};
		9566B7E92F6DB9D2002773C3 /* Build configuration list for PBXNativeTarget "MachOKnifeTests" */ = {
			isa = XCConfigurationList;
			buildConfigurations = (
				9566B7EA2F6DB9D2002773C3 /* Debug */,
				9566B7EB2F6DB9D2002773C3 /* Release */,
			);
			defaultConfigurationIsVisible = 0;
			defaultConfigurationName = Release;
		};
		9566B7EC2F6DB9D2002773C3 /* Build configuration list for PBXNativeTarget "MachOKnifeUITests" */ = {
			isa = XCConfigurationList;
			buildConfigurations = (
				9566B7ED2F6DB9D2002773C3 /* Debug */,
				9566B7EE2F6DB9D2002773C3 /* Release */,
			);
			defaultConfigurationIsVisible = 0;
			defaultConfigurationName = Release;
		};
/* End XCConfigurationList section */

/* Begin XCLocalSwiftPackageReference section */
		0F1E2D3C4B5A69788796A5B4 /* XCLocalSwiftPackageReference "Packages/MachOKnifeDB" */ = {
			isa = XCLocalSwiftPackageReference;
			relativePath = Packages/MachOKnifeDB;
		};
		9E1E01AD71B45407E954E666 /* XCLocalSwiftPackageReference "Packages/CoreMachO" */ = {
			isa = XCLocalSwiftPackageReference;
			relativePath = Packages/CoreMachO;
		};
		D1E2F3A4B5C60718293A4B5C /* XCLocalSwiftPackageReference "Packages/RetagEngine" */ = {
			isa = XCLocalSwiftPackageReference;
			relativePath = Packages/RetagEngine;
		};
		F4916D216A356443416E2C2E /* XCLocalSwiftPackageReference "Packages/MachOKnifeKit" */ = {
			isa = XCLocalSwiftPackageReference;
			relativePath = Packages/MachOKnifeKit;
		};
/* End XCLocalSwiftPackageReference section */

/* Begin XCRemoteSwiftPackageReference section */
		A7D1E1033B4C5D6E7F8091A2 /* XCRemoteSwiftPackageReference "Sparkle" */ = {
			isa = XCRemoteSwiftPackageReference;
			repositoryURL = "https://github.com/sparkle-project/Sparkle.git";
			requirement = {
				kind = upToNextMajorVersion;
				minimumVersion = 2.8.0;
			};
		};
		D4E5F60718293A4B5C6D7E90 /* XCRemoteSwiftPackageReference "SnapKit" */ = {
			isa = XCRemoteSwiftPackageReference;
			repositoryURL = "https://github.com/SnapKit/SnapKit.git";
			requirement = {
				kind = upToNextMajorVersion;
				minimumVersion = 5.7.1;
			};
		};
/* End XCRemoteSwiftPackageReference section */

/* Begin XCSwiftPackageProductDependency section */
		2B3C4D5E6F708192A3B4C5D6 /* MachOKnifeDB */ = {
			isa = XCSwiftPackageProductDependency;
			package = 0F1E2D3C4B5A69788796A5B4 /* XCLocalSwiftPackageReference "Packages/MachOKnifeDB" */;
			productName = MachOKnifeDB;
		};
		35400FDE63F69779F3E076E0 /* CoreMachO */ = {
			isa = XCSwiftPackageProductDependency;
			package = 9E1E01AD71B45407E954E666 /* XCLocalSwiftPackageReference "Packages/CoreMachO" */;
			productName = CoreMachO;
		};
		69C12ADE5F8FFA0DF2912F6D /* MachOKnifeKit */ = {
			isa = XCSwiftPackageProductDependency;
			package = F4916D216A356443416E2C2E /* XCLocalSwiftPackageReference "Packages/MachOKnifeKit" */;
			productName = MachOKnifeKit;
		};
		A7D1E1043B4C5D6E7F8091A2 /* Sparkle */ = {
			isa = XCSwiftPackageProductDependency;
			package = A7D1E1033B4C5D6E7F8091A2 /* XCRemoteSwiftPackageReference "Sparkle" */;
			productName = Sparkle;
		};
		B1C2D3E4F5061728394A5B6C /* RetagEngine */ = {
			isa = XCSwiftPackageProductDependency;
			package = D1E2F3A4B5C60718293A4B5C /* XCLocalSwiftPackageReference "Packages/RetagEngine" */;
			productName = RetagEngine;
		};
		D4E5F60718293A4B5C6D7E91 /* SnapKit */ = {
			isa = XCSwiftPackageProductDependency;
			package = D4E5F60718293A4B5C6D7E90 /* XCRemoteSwiftPackageReference "SnapKit" */;
			productName = SnapKit;
		};
/* End XCSwiftPackageProductDependency section */
	};
	rootObject = 9566B7BA2F6DB9D0002773C3 /* Project object */;
}
