// !$*UTF8*$!
{
	archiveVersion = 1;
	classes = {
	};
	objectVersion = 77;
	objects = {

/* Begin PBXBuildFile section */
		A1B2C3D4E5F60718293A4B5C /* RetagEngine in Frameworks */ = {isa = PBXBuildFile; productRef = B1C2D3E4F5061728394A5B6C /* RetagEngine */; };
		548B89A0768EF8F441797E9D /* CoreMachO in Frameworks */ = {isa = PBXBuildFile; productRef = 35400FDE63F69779F3E076E0 /* CoreMachO */; };
		6A0CE6CA3473B4B445467A70 /* MachOKnifeKit in Frameworks */ = {isa = PBXBuildFile; productRef = 69C12ADE5F8FFA0DF2912F6D /* MachOKnifeKit */; };
		CFC205DCBBE06A55E5CE900D /* MachOKnifeKit in Frameworks */ = {isa = PBXBuildFile; productRef = 69C12ADE5F8FFA0DF2912F6D /* MachOKnifeKit */; };
		E4F7A54A469BF6F1BC41D8B4 /* Cocoa.framework in Frameworks */ = {isa = PBXBuildFile; fileRef = 7D955F987017C05908960F1C /* Cocoa.framework */; };
/* End PBXBuildFile section */

/* Begin PBXContainerItemProxy section */
		9566B7D32F6DB9D2002773C3 /* PBXContainerItemProxy */ = {
			isa = PBXContainerItemProxy;
			containerPortal = 9566B7BA2F6DB9D0002773C3 /* Project object */;
			proxyType = 1;
			remoteGlobalIDString = 9566B7C12F6DB9D0002773C3;
			remoteInfo = MachOKnife;
		};
		9566B7DD2F6DB9D2002773C3 /* PBXContainerItemProxy */ = {
			isa = PBXContainerItemProxy;
			containerPortal = 9566B7BA2F6DB9D0002773C3 /* Project object */;
			proxyType = 1;
			remoteGlobalIDString = 9566B7C12F6DB9D0002773C3;
			remoteInfo = MachOKnife;
		};
		A3EA354E670B95A31702DFB6 /* PBXContainerItemProxy */ = {
			isa = PBXContainerItemProxy;
			containerPortal = 9566B7BA2F6DB9D0002773C3 /* Project object */;
			proxyType = 1;
			remoteGlobalIDString = 39397536A4B5C6F2EF47901D;
			remoteInfo = "machoe-cli";
		};
/* End PBXContainerItemProxy section */

/* Begin PBXFileReference section */
		7D955F987017C05908960F1C /* Cocoa.framework */ = {isa = PBXFileReference; lastKnownFileType = wrapper.framework; name = Cocoa.framework; path = Platforms/MacOSX.platform/Developer/SDKs/MacOSX15.0.sdk/System/Library/Frameworks/Cocoa.framework; sourceTree = DEVELOPER_DIR; };
		9566B7C22F6DB9D0002773C3 /* MachOKnife.app */ = {isa = PBXFileReference; explicitFileType = wrapper.application; includeInIndex = 0; path = MachOKnife.app; sourceTree = BUILT_PRODUCTS_DIR; };
		9566B7D22F6DB9D2002773C3 /* MachOKnifeTests.xctest */ = {isa = PBXFileReference; explicitFileType = wrapper.cfbundle; includeInIndex = 0; path = MachOKnifeTests.xctest; sourceTree = BUILT_PRODUCTS_DIR; };
		9566B7DC2F6DB9D2002773C3 /* MachOKnifeUITests.xctest */ = {isa = PBXFileReference; explicitFileType = wrapper.cfbundle; includeInIndex = 0; path = MachOKnifeUITests.xctest; sourceTree = BUILT_PRODUCTS_DIR; };
		E753591758ED1B6B96B9140E /* machoe-cli */ = {isa = PBXFileReference; includeInIndex = 0; lastKnownFileType = text; path = "machoe-cli"; sourceTree = BUILT_PRODUCTS_DIR; };
/* End PBXFileReference section */

/* Begin PBXFileSystemSynchronizedRootGroup section */
		38F0A8915015B2EA631B6E66 /* MachOKnifeCLI */ = {
			isa = PBXFileSystemSynchronizedRootGroup;
			path = MachOKnifeCLI;
			sourceTree = "<group>";
		};
		6140F67013C40CF86963B41F /* MachOKnifeApp */ = {
			isa = PBXFileSystemSynchronizedRootGroup;
			path = MachOKnifeApp;
			sourceTree = "<group>";
		};
		7B65E3B83D5F3B85A99E17CA /* Resources/Localization */ = {
			isa = PBXFileSystemSynchronizedRootGroup;
			path = Resources/Localization;
			sourceTree = "<group>";
		};
		9566B7C42F6DB9D0002773C3 /* MachOKnife */ = {
			isa = PBXFileSystemSynchronizedRootGroup;
			path = MachOKnife;
			sourceTree = "<group>";
		};
		9566B7D52F6DB9D2002773C3 /* MachOKnifeTests */ = {
			isa = PBXFileSystemSynchronizedRootGroup;
			path = MachOKnifeTests;
			sourceTree = "<group>";
		};
		9566B7DF2F6DB9D2002773C3 /* MachOKnifeUITests */ = {
			isa = PBXFileSystemSynchronizedRootGroup;
			path = MachOKnifeUITests;
			sourceTree = "<group>";
		};
/* End PBXFileSystemSynchronizedRootGroup section */

/* Begin PBXFrameworksBuildPhase section */
		843F001C02071C5CADA2D4D3 /* Frameworks */ = {
			isa = PBXFrameworksBuildPhase;
			buildActionMask = 2147483647;
			files = (
				E4F7A54A469BF6F1BC41D8B4 /* Cocoa.framework in Frameworks */,
				548B89A0768EF8F441797E9D /* CoreMachO in Frameworks */,
				CFC205DCBBE06A55E5CE900D /* MachOKnifeKit in Frameworks */,
				A1B2C3D4E5F60718293A4B5C /* RetagEngine in Frameworks */,
			);
			runOnlyForDeploymentPostprocessing = 0;
		};
		9566B7BF2F6DB9D0002773C3 /* Frameworks */ = {
			isa = PBXFrameworksBuildPhase;
			buildActionMask = 2147483647;
			files = (
				6A0CE6CA3473B4B445467A70 /* MachOKnifeKit in Frameworks */,
			);
			runOnlyForDeploymentPostprocessing = 0;
		};
		9566B7CF2F6DB9D2002773C3 /* Frameworks */ = {
			isa = PBXFrameworksBuildPhase;
			buildActionMask = 2147483647;
			files = (
			);
			runOnlyForDeploymentPostprocessing = 0;
		};
		9566B7D92F6DB9D2002773C3 /* Frameworks */ = {
			isa = PBXFrameworksBuildPhase;
			buildActionMask = 2147483647;
			files = (
			);
			runOnlyForDeploymentPostprocessing = 0;
		};
/* End PBXFrameworksBuildPhase section */

/* Begin PBXGroup section */
		5667EE2480AE33DE674A3A4E /* OS X */ = {
			isa = PBXGroup;
			children = (
				7D955F987017C05908960F1C /* Cocoa.framework */,
			);
			name = "OS X";
			sourceTree = "<group>";
		};
		9566B7B92F6DB9D0002773C3 = {
			isa = PBXGroup;
			children = (
				9566B7C42F6DB9D0002773C3 /* MachOKnife */,
				6140F67013C40CF86963B41F /* MachOKnifeApp */,
				7B65E3B83D5F3B85A99E17CA /* Resources/Localization */,
				38F0A8915015B2EA631B6E66 /* MachOKnifeCLI */,
				9566B7D52F6DB9D2002773C3 /* MachOKnifeTests */,
				9566B7DF2F6DB9D2002773C3 /* MachOKnifeUITests */,
				9566B7C32F6DB9D0002773C3 /* Products */,
				ACB07F3F26DE312387235AED /* Frameworks */,
			);
			sourceTree = "<group>";
		};
		9566B7C32F6DB9D0002773C3 /* Products */ = {
			isa = PBXGroup;
			children = (
				9566B7C22F6DB9D0002773C3 /* MachOKnife.app */,
				9566B7D22F6DB9D2002773C3 /* MachOKnifeTests.xctest */,
				9566B7DC2F6DB9D2002773C3 /* MachOKnifeUITests.xctest */,
				E753591758ED1B6B96B9140E /* machoe-cli */,
			);
			name = Products;
			sourceTree = "<group>";
		};
		ACB07F3F26DE312387235AED /* Frameworks */ = {
			isa = PBXGroup;
			children = (
				5667EE2480AE33DE674A3A4E /* OS X */,
			);
			name = Frameworks;
			sourceTree = "<group>";
		};
/* End PBXGroup section */

/* Begin PBXNativeTarget section */
		39397536A4B5C6F2EF47901D /* machoe-cli */ = {
			isa = PBXNativeTarget;
			buildConfigurationList = 3D659514C1157A15B28DC4C7 /* Build configuration list for PBXNativeTarget "machoe-cli" */;
			buildPhases = (
				B5E950F95E4ABE1ECCF639CF /* Sources */,
				843F001C02071C5CADA2D4D3 /* Frameworks */,
			);
			buildRules = (
			);
			dependencies = (
			);
			fileSystemSynchronizedGroups = (
				38F0A8915015B2EA631B6E66 /* MachOKnifeCLI */,
			);
			name = "machoe-cli";
			packageProductDependencies = (
				35400FDE63F69779F3E076E0 /* CoreMachO */,
				69C12ADE5F8FFA0DF2912F6D /* MachOKnifeKit */,
				B1C2D3E4F5061728394A5B6C /* RetagEngine */,
			);
			productName = "machoe-cli";
			productReference = E753591758ED1B6B96B9140E /* machoe-cli */;
			productType = "com.apple.product-type.tool";
		};
		9566B7C12F6DB9D0002773C3 /* MachOKnife */ = {
			isa = PBXNativeTarget;
			buildConfigurationList = 9566B7E62F6DB9D2002773C3 /* Build configuration list for PBXNativeTarget "MachOKnife" */;
			buildPhases = (
				9566B7BE2F6DB9D0002773C3 /* Sources */,
				9566B7BF2F6DB9D0002773C3 /* Frameworks */,
				9566B7C02F6DB9D0002773C3 /* Resources */,
			);
			buildRules = (
			);
			dependencies = (
			);
			fileSystemSynchronizedGroups = (
				6140F67013C40CF86963B41F /* MachOKnifeApp */,
				7B65E3B83D5F3B85A99E17CA /* Resources/Localization */,
				9566B7C42F6DB9D0002773C3 /* MachOKnife */,
			);
			name = MachOKnife;
			packageProductDependencies = (
				69C12ADE5F8FFA0DF2912F6D /* MachOKnifeKit */,
			);
			productName = MachOKnife;
			productReference = 9566B7C22F6DB9D0002773C3 /* MachOKnife.app */;
			productType = "com.apple.product-type.application";
		};
		9566B7D12F6DB9D2002773C3 /* MachOKnifeTests */ = {
			isa = PBXNativeTarget;
			buildConfigurationList = 9566B7E92F6DB9D2002773C3 /* Build configuration list for PBXNativeTarget "MachOKnifeTests" */;
			buildPhases = (
				9566B7CE2F6DB9D2002773C3 /* Sources */,
				9566B7CF2F6DB9D2002773C3 /* Frameworks */,
				9566B7D02F6DB9D2002773C3 /* Resources */,
			);
			buildRules = (
			);
			dependencies = (
				9566B7D42F6DB9D2002773C3 /* PBXTargetDependency */,
				A3100FF8419DB8BD1F8D01B2 /* PBXTargetDependency */,
			);
			fileSystemSynchronizedGroups = (
				9566B7D52F6DB9D2002773C3 /* MachOKnifeTests */,
			);
			name = MachOKnifeTests;
			productName = MachOKnifeTests;
			productReference = 9566B7D22F6DB9D2002773C3 /* MachOKnifeTests.xctest */;
			productType = "com.apple.product-type.bundle.unit-test";
		};
		9566B7DB2F6DB9D2002773C3 /* MachOKnifeUITests */ = {
			isa = PBXNativeTarget;
			buildConfigurationList = 9566B7EC2F6DB9D2002773C3 /* Build configuration list for PBXNativeTarget "MachOKnifeUITests" */;
			buildPhases = (
				9566B7D82F6DB9D2002773C3 /* Sources */,
				9566B7D92F6DB9D2002773C3 /* Frameworks */,
				9566B7DA2F6DB9D2002773C3 /* Resources */,
			);
			buildRules = (
			);
			dependencies = (
				9566B7DE2F6DB9D2002773C3 /* PBXTargetDependency */,
			);
			fileSystemSynchronizedGroups = (
				9566B7DF2F6DB9D2002773C3 /* MachOKnifeUITests */,
			);
			name = MachOKnifeUITests;
			productName = MachOKnifeUITests;
			productReference = 9566B7DC2F6DB9D2002773C3 /* MachOKnifeUITests.xctest */;
			productType = "com.apple.product-type.bundle.ui-testing";
		};
/* End PBXNativeTarget section */

/* Begin PBXProject section */
		9566B7BA2F6DB9D0002773C3 /* Project object */ = {
			isa = PBXProject;
			attributes = {
				BuildIndependentTargetsInParallel = 1;
				LastSwiftUpdateCheck = 2630;
				LastUpgradeCheck = 2630;
				TargetAttributes = {
					9566B7C12F6DB9D0002773C3 = {
						CreatedOnToolsVersion = 26.3;
					};
					9566B7D12F6DB9D2002773C3 = {
						CreatedOnToolsVersion = 26.3;
						TestTargetID = 9566B7C12F6DB9D0002773C3;
					};
					9566B7DB2F6DB9D2002773C3 = {
						CreatedOnToolsVersion = 26.3;
						TestTargetID = 9566B7C12F6DB9D0002773C3;
					};
				};
			};
			buildConfigurationList = 9566B7BD2F6DB9D0002773C3 /* Build configuration list for PBXProject "MachOKnife" */;
			developmentRegion = en;
			hasScannedForEncodings = 0;
			knownRegions = (
				en,
				Base,
				"zh-Hans",
				"zh-Hant",
			);
			mainGroup = 9566B7B92F6DB9D0002773C3;
			minimizedProjectReferenceProxies = 1;
			packageReferences = (
				9E1E01AD71B45407E954E666 /* XCLocalSwiftPackageReference "Packages/CoreMachO" */,
				F4916D216A356443416E2C2E /* XCLocalSwiftPackageReference "Packages/MachOKnifeKit" */,
				D1E2F3A4B5C60718293A4B5C /* XCLocalSwiftPackageReference "Packages/RetagEngine" */,
			);
			preferredProjectObjectVersion = 77;
			productRefGroup = 9566B7C32F6DB9D0002773C3 /* Products */;
			projectDirPath = "";
			projectRoot = "";
			targets = (
				9566B7C12F6DB9D0002773C3 /* MachOKnife */,
				9566B7D12F6DB9D2002773C3 /* MachOKnifeTests */,
				9566B7DB2F6DB9D2002773C3 /* MachOKnifeUITests */,
				39397536A4B5C6F2EF47901D /* machoe-cli */,
			);
		};
/* End PBXProject section */

/* Begin PBXResourcesBuildPhase section */
		9566B7C02F6DB9D0002773C3 /* Resources */ = {
			isa = PBXResourcesBuildPhase;
			buildActionMask = 2147483647;
			files = (
			);
			runOnlyForDeploymentPostprocessing = 0;
		};
		9566B7D02F6DB9D2002773C3 /* Resources */ = {
			isa = PBXResourcesBuildPhase;
			buildActionMask = 2147483647;
			files = (
			);
			runOnlyForDeploymentPostprocessing = 0;
		};
		9566B7DA2F6DB9D2002773C3 /* Resources */ = {
			isa = PBXResourcesBuildPhase;
			buildActionMask = 2147483647;
			files = (
			);
			runOnlyForDeploymentPostprocessing = 0;
		};
/* End PBXResourcesBuildPhase section */

/* Begin PBXSourcesBuildPhase section */
		9566B7BE2F6DB9D0002773C3 /* Sources */ = {
			isa = PBXSourcesBuildPhase;
			buildActionMask = 2147483647;
			files = (
			);
			runOnlyForDeploymentPostprocessing = 0;
		};
		9566B7CE2F6DB9D2002773C3 /* Sources */ = {
			isa = PBXSourcesBuildPhase;
			buildActionMask = 2147483647;
			files = (
			);
			runOnlyForDeploymentPostprocessing = 0;
		};
		9566B7D82F6DB9D2002773C3 /* Sources */ = {
			isa = PBXSourcesBuildPhase;
			buildActionMask = 2147483647;
			files = (
			);
			runOnlyForDeploymentPostprocessing = 0;
		};
		B5E950F95E4ABE1ECCF639CF /* Sources */ = {
			isa = PBXSourcesBuildPhase;
			buildActionMask = 2147483647;
			files = (
			);
			runOnlyForDeploymentPostprocessing = 0;
		};
/* End PBXSourcesBuildPhase section */

/* Begin PBXTargetDependency section */
		9566B7D42F6DB9D2002773C3 /* PBXTargetDependency */ = {
			isa = PBXTargetDependency;
			target = 9566B7C12F6DB9D0002773C3 /* MachOKnife */;
			targetProxy = 9566B7D32F6DB9D2002773C3 /* PBXContainerItemProxy */;
		};
		9566B7DE2F6DB9D2002773C3 /* PBXTargetDependency */ = {
			isa = PBXTargetDependency;
			target = 9566B7C12F6DB9D0002773C3 /* MachOKnife */;
			targetProxy = 9566B7DD2F6DB9D2002773C3 /* PBXContainerItemProxy */;
		};
		A3100FF8419DB8BD1F8D01B2 /* PBXTargetDependency */ = {
			isa = PBXTargetDependency;
			name = "machoe-cli";
			target = 39397536A4B5C6F2EF47901D /* machoe-cli */;
			targetProxy = A3EA354E670B95A31702DFB6 /* PBXContainerItemProxy */;
		};
/* End PBXTargetDependency section */

/* Begin XCBuildConfiguration section */
		184B5DC2B99A06637625300D /* Release */ = {
			isa = XCBuildConfiguration;
			buildSettings = {
				CODE_SIGNING_ALLOWED = NO;
				CODE_SIGNING_REQUIRED = NO;
				GENERATE_INFOPLIST_FILE = YES;
				MACOSX_DEPLOYMENT_TARGET = 13.0;
				PRODUCT_BUNDLE_IDENTIFIER = "cn.vanjay.machoe-cli";
				PRODUCT_MODULE_NAME = machoe_cli;
				PRODUCT_NAME = "machoe-cli";
				SDKROOT = macosx;
				SWIFT_MODULE_NAME = machoe_cli;
				SWIFT_VERSION = 5.0;
			};
			name = Release;
		};
		39415C120D1D44E98311B042 /* Debug */ = {
			isa = XCBuildConfiguration;
			buildSettings = {
				CODE_SIGNING_ALLOWED = NO;
				CODE_SIGNING_REQUIRED = NO;
				GENERATE_INFOPLIST_FILE = YES;
				MACOSX_DEPLOYMENT_TARGET = 13.0;
				PRODUCT_BUNDLE_IDENTIFIER = "cn.vanjay.machoe-cli";
				PRODUCT_MODULE_NAME = machoe_cli;
				PRODUCT_NAME = "machoe-cli";
				SDKROOT = macosx;
				SWIFT_MODULE_NAME = machoe_cli;
				SWIFT_VERSION = 5.0;
			};
			name = Debug;
		};
		9566B7E42F6DB9D2002773C3 /* Debug */ = {
			isa = XCBuildConfiguration;
			buildSettings = {
				ALWAYS_SEARCH_USER_PATHS = NO;
				ASSETCATALOG_COMPILER_GENERATE_SWIFT_ASSET_SYMBOL_EXTENSIONS = YES;
				CLANG_ANALYZER_NONNULL = YES;
				CLANG_ANALYZER_NUMBER_OBJECT_CONVERSION = YES_AGGRESSIVE;
				CLANG_CXX_LANGUAGE_STANDARD = "gnu++20";
				CLANG_ENABLE_MODULES = YES;
				CLANG_ENABLE_OBJC_ARC = YES;
				CLANG_ENABLE_OBJC_WEAK = YES;
				CLANG_WARN_BLOCK_CAPTURE_AUTORELEASING = YES;
				CLANG_WARN_BOOL_CONVERSION = YES;
				CLANG_WARN_COMMA = YES;
				CLANG_WARN_CONSTANT_CONVERSION = YES;
				CLANG_WARN_DEPRECATED_OBJC_IMPLEMENTATIONS = YES;
				CLANG_WARN_DIRECT_OBJC_ISA_USAGE = YES_ERROR;
				CLANG_WARN_DOCUMENTATION_COMMENTS = YES;
				CLANG_WARN_EMPTY_BODY = YES;
				CLANG_WARN_ENUM_CONVERSION = YES;
				CLANG_WARN_INFINITE_RECURSION = YES;
				CLANG_WARN_INT_CONVERSION = YES;
				CLANG_WARN_NON_LITERAL_NULL_CONVERSION = YES;
				CLANG_WARN_OBJC_IMPLICIT_RETAIN_SELF = YES;
				CLANG_WARN_OBJC_LITERAL_CONVERSION = YES;
				CLANG_WARN_OBJC_ROOT_CLASS = YES_ERROR;
				CLANG_WARN_QUOTED_INCLUDE_IN_FRAMEWORK_HEADER = YES;
				CLANG_WARN_RANGE_LOOP_ANALYSIS = YES;
				CLANG_WARN_STRICT_PROTOTYPES = YES;
				CLANG_WARN_SUSPICIOUS_MOVE = YES;
				CLANG_WARN_UNGUARDED_AVAILABILITY = YES_AGGRESSIVE;
				CLANG_WARN_UNREACHABLE_CODE = YES;
				CLANG_WARN__DUPLICATE_METHOD_MATCH = YES;
				COPY_PHASE_STRIP = NO;
				DEBUG_INFORMATION_FORMAT = dwarf;
				DEVELOPMENT_TEAM = X6B6C6U6QV;
				ENABLE_STRICT_OBJC_MSGSEND = YES;
				ENABLE_TESTABILITY = YES;
				ENABLE_USER_SCRIPT_SANDBOXING = YES;
				GCC_C_LANGUAGE_STANDARD = gnu17;
				GCC_DYNAMIC_NO_PIC = NO;
				GCC_NO_COMMON_BLOCKS = YES;
				GCC_OPTIMIZATION_LEVEL = 0;
				GCC_PREPROCESSOR_DEFINITIONS = (
					"DEBUG=1",
					"$(inherited)",
				);
				GCC_WARN_64_TO_32_BIT_CONVERSION = YES;
				GCC_WARN_ABOUT_RETURN_TYPE = YES_ERROR;
				GCC_WARN_UNDECLARED_SELECTOR = YES;
				GCC_WARN_UNINITIALIZED_AUTOS = YES_AGGRESSIVE;
				GCC_WARN_UNUSED_FUNCTION = YES;
				GCC_WARN_UNUSED_VARIABLE = YES;
				LOCALIZATION_PREFERS_STRING_CATALOGS = YES;
				MACOSX_DEPLOYMENT_TARGET = 26.2;
				MTL_ENABLE_DEBUG_INFO = INCLUDE_SOURCE;
				MTL_FAST_MATH = YES;
				ONLY_ACTIVE_ARCH = YES;
				SDKROOT = macosx;
				SWIFT_ACTIVE_COMPILATION_CONDITIONS = "DEBUG $(inherited)";
				SWIFT_OPTIMIZATION_LEVEL = "-Onone";
				SWIFT_VERSION = 5.0;
			};
			name = Debug;
		};
		9566B7E52F6DB9D2002773C3 /* Release */ = {
			isa = XCBuildConfiguration;
			buildSettings = {
				ALWAYS_SEARCH_USER_PATHS = NO;
				ASSETCATALOG_COMPILER_GENERATE_SWIFT_ASSET_SYMBOL_EXTENSIONS = YES;
				CLANG_ANALYZER_NONNULL = YES;
				CLANG_ANALYZER_NUMBER_OBJECT_CONVERSION = YES_AGGRESSIVE;
				CLANG_CXX_LANGUAGE_STANDARD = "gnu++20";
				CLANG_ENABLE_MODULES = YES;
				CLANG_ENABLE_OBJC_ARC = YES;
				CLANG_ENABLE_OBJC_WEAK = YES;
				CLANG_WARN_BLOCK_CAPTURE_AUTORELEASING = YES;
				CLANG_WARN_BOOL_CONVERSION = YES;
				CLANG_WARN_COMMA = YES;
				CLANG_WARN_CONSTANT_CONVERSION = YES;
				CLANG_WARN_DEPRECATED_OBJC_IMPLEMENTATIONS = YES;
				CLANG_WARN_DIRECT_OBJC_ISA_USAGE = YES_ERROR;
				CLANG_WARN_DOCUMENTATION_COMMENTS = YES;
				CLANG_WARN_EMPTY_BODY = YES;
				CLANG_WARN_ENUM_CONVERSION = YES;
				CLANG_WARN_INFINITE_RECURSION = YES;
				CLANG_WARN_INT_CONVERSION = YES;
				CLANG_WARN_NON_LITERAL_NULL_CONVERSION = YES;
				CLANG_WARN_OBJC_IMPLICIT_RETAIN_SELF = YES;
				CLANG_WARN_OBJC_LITERAL_CONVERSION = YES;
				CLANG_WARN_OBJC_ROOT_CLASS = YES_ERROR;
				CLANG_WARN_QUOTED_INCLUDE_IN_FRAMEWORK_HEADER = YES;
				CLANG_WARN_RANGE_LOOP_ANALYSIS = YES;
				CLANG_WARN_STRICT_PROTOTYPES = YES;
				CLANG_WARN_SUSPICIOUS_MOVE = YES;
				CLANG_WARN_UNGUARDED_AVAILABILITY = YES_AGGRESSIVE;
				CLANG_WARN_UNREACHABLE_CODE = YES;
				CLANG_WARN__DUPLICATE_METHOD_MATCH = YES;
				COPY_PHASE_STRIP = NO;
				DEBUG_INFORMATION_FORMAT = "dwarf-with-dsym";
				DEVELOPMENT_TEAM = X6B6C6U6QV;
				ENABLE_NS_ASSERTIONS = NO;
				ENABLE_STRICT_OBJC_MSGSEND = YES;
				ENABLE_USER_SCRIPT_SANDBOXING = YES;
				GCC_C_LANGUAGE_STANDARD = gnu17;
				GCC_NO_COMMON_BLOCKS = YES;
				GCC_WARN_64_TO_32_BIT_CONVERSION = YES;
				GCC_WARN_ABOUT_RETURN_TYPE = YES_ERROR;
				GCC_WARN_UNDECLARED_SELECTOR = YES;
				GCC_WARN_UNINITIALIZED_AUTOS = YES_AGGRESSIVE;
				GCC_WARN_UNUSED_FUNCTION = YES;
				GCC_WARN_UNUSED_VARIABLE = YES;
				LOCALIZATION_PREFERS_STRING_CATALOGS = YES;
				MACOSX_DEPLOYMENT_TARGET = 26.2;
				MTL_ENABLE_DEBUG_INFO = NO;
				MTL_FAST_MATH = YES;
				SDKROOT = macosx;
				SWIFT_COMPILATION_MODE = wholemodule;
				SWIFT_VERSION = 5.0;
			};
			name = Release;
		};
		9566B7E72F6DB9D2002773C3 /* Debug */ = {
			isa = XCBuildConfiguration;
			buildSettings = {
				ASSETCATALOG_COMPILER_APPICON_NAME = AppIcon;
				ASSETCATALOG_COMPILER_GLOBAL_ACCENT_COLOR_NAME = AccentColor;
				CODE_SIGN_STYLE = Automatic;
				COMBINE_HIDPI_IMAGES = YES;
				CURRENT_PROJECT_VERSION = 1;
				DEVELOPMENT_TEAM = X6B6C6U6QV;
				ENABLE_APP_SANDBOX = YES;
				ENABLE_HARDENED_RUNTIME = YES;
				ENABLE_USER_SELECTED_FILES = readonly;
				GENERATE_INFOPLIST_FILE = YES;
				INFOPLIST_KEY_NSHumanReadableCopyright = "";
				INFOPLIST_KEY_NSPrincipalClass = NSApplication;
				LD_RUNPATH_SEARCH_PATHS = (
					"$(inherited)",
					"@executable_path/../Frameworks",
				);
				MACOSX_DEPLOYMENT_TARGET = 13.0;
				MARKETING_VERSION = 1.0;
				PRODUCT_BUNDLE_IDENTIFIER = cn.vanjay.MachOKnife;
				PRODUCT_NAME = "$(TARGET_NAME)";
				REGISTER_APP_GROUPS = YES;
				STRING_CATALOG_GENERATE_SYMBOLS = YES;
				SWIFT_APPROACHABLE_CONCURRENCY = YES;
				SWIFT_DEFAULT_ACTOR_ISOLATION = MainActor;
				SWIFT_EMIT_LOC_STRINGS = YES;
				SWIFT_UPCOMING_FEATURE_MEMBER_IMPORT_VISIBILITY = YES;
				SWIFT_VERSION = 5.0;
			};
			name = Debug;
		};
		9566B7E82F6DB9D2002773C3 /* Release */ = {
			isa = XCBuildConfiguration;
			buildSettings = {
				ASSETCATALOG_COMPILER_APPICON_NAME = AppIcon;
				ASSETCATALOG_COMPILER_GLOBAL_ACCENT_COLOR_NAME = AccentColor;
				CODE_SIGN_STYLE = Automatic;
				COMBINE_HIDPI_IMAGES = YES;
				CURRENT_PROJECT_VERSION = 1;
				DEVELOPMENT_TEAM = X6B6C6U6QV;
				ENABLE_APP_SANDBOX = YES;
				ENABLE_HARDENED_RUNTIME = YES;
				ENABLE_USER_SELECTED_FILES = readonly;
				GENERATE_INFOPLIST_FILE = YES;
				INFOPLIST_KEY_NSHumanReadableCopyright = "";
				INFOPLIST_KEY_NSPrincipalClass = NSApplication;
				LD_RUNPATH_SEARCH_PATHS = (
					"$(inherited)",
					"@executable_path/../Frameworks",
				);
				MACOSX_DEPLOYMENT_TARGET = 13.0;
				MARKETING_VERSION = 1.0;
				PRODUCT_BUNDLE_IDENTIFIER = cn.vanjay.MachOKnife;
				PRODUCT_NAME = "$(TARGET_NAME)";
				REGISTER_APP_GROUPS = YES;
				STRING_CATALOG_GENERATE_SYMBOLS = YES;
				SWIFT_APPROACHABLE_CONCURRENCY = YES;
				SWIFT_DEFAULT_ACTOR_ISOLATION = MainActor;
				SWIFT_EMIT_LOC_STRINGS = YES;
				SWIFT_UPCOMING_FEATURE_MEMBER_IMPORT_VISIBILITY = YES;
				SWIFT_VERSION = 5.0;
			};
			name = Release;
		};
		9566B7EA2F6DB9D2002773C3 /* Debug */ = {
			isa = XCBuildConfiguration;
			buildSettings = {
				BUNDLE_LOADER = "$(TEST_HOST)";
				CODE_SIGN_STYLE = Automatic;
				CURRENT_PROJECT_VERSION = 1;
				DEVELOPMENT_TEAM = X6B6C6U6QV;
				GENERATE_INFOPLIST_FILE = YES;
				MACOSX_DEPLOYMENT_TARGET = 26.2;
				MARKETING_VERSION = 1.0;
				PRODUCT_BUNDLE_IDENTIFIER = cn.vanjay.MachOKnifeTests;
				PRODUCT_NAME = "$(TARGET_NAME)";
				STRING_CATALOG_GENERATE_SYMBOLS = NO;
				SWIFT_APPROACHABLE_CONCURRENCY = YES;
				SWIFT_EMIT_LOC_STRINGS = NO;
				SWIFT_UPCOMING_FEATURE_MEMBER_IMPORT_VISIBILITY = YES;
				SWIFT_VERSION = 5.0;
				TEST_HOST = "$(BUILT_PRODUCTS_DIR)/MachOKnife.app/$(BUNDLE_EXECUTABLE_FOLDER_PATH)/MachOKnife";
			};
			name = Debug;
		};
		9566B7EB2F6DB9D2002773C3 /* Release */ = {
			isa = XCBuildConfiguration;
			buildSettings = {
				BUNDLE_LOADER = "$(TEST_HOST)";
				CODE_SIGN_STYLE = Automatic;
				CURRENT_PROJECT_VERSION = 1;
				DEVELOPMENT_TEAM = X6B6C6U6QV;
				GENERATE_INFOPLIST_FILE = YES;
				MACOSX_DEPLOYMENT_TARGET = 26.2;
				MARKETING_VERSION = 1.0;
				PRODUCT_BUNDLE_IDENTIFIER = cn.vanjay.MachOKnifeTests;
				PRODUCT_NAME = "$(TARGET_NAME)";
				STRING_CATALOG_GENERATE_SYMBOLS = NO;
				SWIFT_APPROACHABLE_CONCURRENCY = YES;
				SWIFT_EMIT_LOC_STRINGS = NO;
				SWIFT_UPCOMING_FEATURE_MEMBER_IMPORT_VISIBILITY = YES;
				SWIFT_VERSION = 5.0;
				TEST_HOST = "$(BUILT_PRODUCTS_DIR)/MachOKnife.app/$(BUNDLE_EXECUTABLE_FOLDER_PATH)/MachOKnife";
			};
			name = Release;
		};
		9566B7ED2F6DB9D2002773C3 /* Debug */ = {
			isa = XCBuildConfiguration;
			buildSettings = {
				CODE_SIGN_STYLE = Automatic;
				CURRENT_PROJECT_VERSION = 1;
				DEVELOPMENT_TEAM = X6B6C6U6QV;
				GENERATE_INFOPLIST_FILE = YES;
				MARKETING_VERSION = 1.0;
				PRODUCT_BUNDLE_IDENTIFIER = cn.vanjay.MachOKnifeUITests;
				PRODUCT_NAME = "$(TARGET_NAME)";
				STRING_CATALOG_GENERATE_SYMBOLS = NO;
				SWIFT_APPROACHABLE_CONCURRENCY = YES;
				SWIFT_EMIT_LOC_STRINGS = NO;
				SWIFT_UPCOMING_FEATURE_MEMBER_IMPORT_VISIBILITY = YES;
				SWIFT_VERSION = 5.0;
				TEST_TARGET_NAME = MachOKnife;
			};
			name = Debug;
		};
		9566B7EE2F6DB9D2002773C3 /* Release */ = {
			isa = XCBuildConfiguration;
			buildSettings = {
				CODE_SIGN_STYLE = Automatic;
				CURRENT_PROJECT_VERSION = 1;
				DEVELOPMENT_TEAM = X6B6C6U6QV;
				GENERATE_INFOPLIST_FILE = YES;
				MARKETING_VERSION = 1.0;
				PRODUCT_BUNDLE_IDENTIFIER = cn.vanjay.MachOKnifeUITests;
				PRODUCT_NAME = "$(TARGET_NAME)";
				STRING_CATALOG_GENERATE_SYMBOLS = NO;
				SWIFT_APPROACHABLE_CONCURRENCY = YES;
				SWIFT_EMIT_LOC_STRINGS = NO;
				SWIFT_UPCOMING_FEATURE_MEMBER_IMPORT_VISIBILITY = YES;
				SWIFT_VERSION = 5.0;
				TEST_TARGET_NAME = MachOKnife;
			};
			name = Release;
		};
/* End XCBuildConfiguration section */

/* Begin XCConfigurationList section */
		3D659514C1157A15B28DC4C7 /* Build configuration list for PBXNativeTarget "machoe-cli" */ = {
			isa = XCConfigurationList;
			buildConfigurations = (
				184B5DC2B99A06637625300D /* Release */,
				39415C120D1D44E98311B042 /* Debug */,
			);
			defaultConfigurationIsVisible = 0;
			defaultConfigurationName = Release;
		};
		9566B7BD2F6DB9D0002773C3 /* Build configuration list for PBXProject "MachOKnife" */ = {
			isa = XCConfigurationList;
			buildConfigurations = (
				9566B7E42F6DB9D2002773C3 /* Debug */,
				9566B7E52F6DB9D2002773C3 /* Release */,
			);
			defaultConfigurationIsVisible = 0;
			defaultConfigurationName = Release;
		};
		9566B7E62F6DB9D2002773C3 /* Build configuration list for PBXNativeTarget "MachOKnife" */ = {
			isa = XCConfigurationList;
			buildConfigurations = (
				9566B7E72F6DB9D2002773C3 /* Debug */,
				9566B7E82F6DB9D2002773C3 /* Release */,
			);
			defaultConfigurationIsVisible = 0;
			defaultConfigurationName = Release;
		};
		9566B7E92F6DB9D2002773C3 /* Build configuration list for PBXNativeTarget "MachOKnifeTests" */ = {
			isa = XCConfigurationList;
			buildConfigurations = (
				9566B7EA2F6DB9D2002773C3 /* Debug */,
				9566B7EB2F6DB9D2002773C3 /* Release */,
			);
			defaultConfigurationIsVisible = 0;
			defaultConfigurationName = Release;
		};
		9566B7EC2F6DB9D2002773C3 /* Build configuration list for PBXNativeTarget "MachOKnifeUITests" */ = {
			isa = XCConfigurationList;
			buildConfigurations = (
				9566B7ED2F6DB9D2002773C3 /* Debug */,
				9566B7EE2F6DB9D2002773C3 /* Release */,
			);
			defaultConfigurationIsVisible = 0;
			defaultConfigurationName = Release;
		};
/* End XCConfigurationList section */

/* Begin XCLocalSwiftPackageReference section */
		9E1E01AD71B45407E954E666 /* XCLocalSwiftPackageReference "Packages/CoreMachO" */ = {
			isa = XCLocalSwiftPackageReference;
			relativePath = Packages/CoreMachO;
		};
		D1E2F3A4B5C60718293A4B5C /* XCLocalSwiftPackageReference "Packages/RetagEngine" */ = {
			isa = XCLocalSwiftPackageReference;
			relativePath = Packages/RetagEngine;
		};
		F4916D216A356443416E2C2E /* XCLocalSwiftPackageReference "Packages/MachOKnifeKit" */ = {
			isa = XCLocalSwiftPackageReference;
			relativePath = Packages/MachOKnifeKit;
		};
/* End XCLocalSwiftPackageReference section */

/* Begin XCSwiftPackageProductDependency section */
		35400FDE63F69779F3E076E0 /* CoreMachO */ = {
			isa = XCSwiftPackageProductDependency;
			package = 9E1E01AD71B45407E954E666 /* XCLocalSwiftPackageReference "Packages/CoreMachO" */;
			productName = CoreMachO;
		};
		69C12ADE5F8FFA0DF2912F6D /* MachOKnifeKit */ = {
			isa = XCSwiftPackageProductDependency;
			package = F4916D216A356443416E2C2E /* XCLocalSwiftPackageReference "Packages/MachOKnifeKit" */;
			productName = MachOKnifeKit;
		};
		B1C2D3E4F5061728394A5B6C /* RetagEngine */ = {
			isa = XCSwiftPackageProductDependency;
			package = D1E2F3A4B5C60718293A4B5C /* XCLocalSwiftPackageReference "Packages/RetagEngine" */;
			productName = RetagEngine;
		};
/* End XCSwiftPackageProductDependency section */
	};
	rootObject = 9566B7BA2F6DB9D0002773C3 /* Project object */;
}
